
Microsoft Visual Studio Solution File, Format Version 12.00
# Visual Studio 15
VisualStudioVersion = 15.0.27428.2015
MinimumVisualStudioVersion = 10.0.40219.1
Project("{FAE04EC0-301F-11D3-BF4B-00C04F79EFBC}") = "XsltTransformer", "XsltTransformer.csproj", "{F82C7AB7-85C6-48F2-B688-5EABE5BE726B}"
EndProject
Global
	GlobalSection(SolutionConfigurationPlatforms) = preSolution
		Debug|Any CPU = Debug|Any CPU
		Release|Any CPU = Release|Any CPU
	EndGlobalSection
	GlobalSection(ProjectConfigurationPlatforms) = postSolution
		{F82C7AB7-85C6-48F2-B688-5EABE5BE726B}.Debug|Any CPU.ActiveCfg = Debug|Any CPU
		{F82C7AB7-85C6-48F2-B688-5EABE5BE726B}.Debug|Any CPU.Build.0 = Debug|Any CPU
		{F82C7AB7-85C6-48F2-B688-5EABE5BE726B}.Release|Any CPU.ActiveCfg = Release|Any CPU
		{F82C7AB7-85C6-48F2-B688-5EABE5BE726B}.Release|Any CPU.Build.0 = Release|Any CPU
	EndGlobalSection
	GlobalSection(SolutionProperties) = preSolution
		HideSolutionNode = FALSE
	EndGlobalSection
	GlobalSection(ExtensibilityGlobals) = postSolution
		SolutionGuid = {3D69C993-FC89-42A0-84C8-761AF2B680E7}
	EndGlobalSection
EndGlobal
